# This file is automatically @generated by Cargo.
# It is not intended for manual editing.
version = 3

[[package]]
name = "autocfg"
version = "1.1.0"
source = "registry+https://github.com/rust-lang/crates.io-index"
checksum = "d468802bab17cbc0cc575e9b053f41e72aa36bfa6b7f55e3529ffa43161b97fa"

[[package]]
name = "az"
version = "1.2.1"
source = "registry+https://github.com/rust-lang/crates.io-index"
checksum = "7b7e4c2464d97fe331d41de9d5db0def0a96f4d823b8b32a2efd503578988973"

[[package]]
name = "bytemuck"
version = "1.13.0"
source = "registry+https://github.com/rust-lang/crates.io-index"
checksum = "c041d3eab048880cb0b86b256447da3f18859a163c3b8d8893f4e6368abe6393"

[[package]]
name = "crunchy"
version = "0.2.2"
source = "registry+https://github.com/rust-lang/crates.io-index"
checksum = "7a81dae078cea95a014a339291cec439d2f232ebe854a9d672b796c6afafa9b7"

[[package]]
name = "fixed"
version = "1.21.0"
source = "registry+https://github.com/rust-lang/crates.io-index"
checksum = "f1965703169d4c3581f1d853e6a0bacf2ad9ba5d161f58ac331de95b37584a50"
dependencies = [
 "az",
 "bytemuck",
 "half",
 "typenum",
]

[[package]]
name = "fixed-bigint"
version = "0.1.9"
source = "registry+https://github.com/rust-lang/crates.io-index"
checksum = "66dfa7afc19f3ef56ba077065f8b953281a72c9baf9761682eb68dc4355b98ab"
dependencies = [
 "num-integer",
 "num-traits",
]

[[package]]
name = "half"
version = "2.2.1"
source = "registry+https://github.com/rust-lang/crates.io-index"
checksum = "02b4af3693f1b705df946e9fe5631932443781d0aabb423b62fcd4d73f6d2fd0"
dependencies = [
 "crunchy",
]

[[package]]
name = "hello"
version = "0.1.0"
dependencies = [
 "wasm0x-zkwasmsdk",
]

[[package]]
name = "num-bigint"
version = "0.4.3"
source = "registry+https://github.com/rust-lang/crates.io-index"
checksum = "f93ab6289c7b344a8a9f60f88d80aa20032336fe78da341afc91c8a2341fc75f"
dependencies = [
 "autocfg",
 "num-integer",
 "num-traits",
]

[[package]]
name = "num-integer"
version = "0.1.45"
source = "registry+https://github.com/rust-lang/crates.io-index"
checksum = "225d3389fb3509a24c93f5c29eb6bde2586b98d9f016636dff58d7c6f7569cd9"
dependencies = [
 "autocfg",
 "num-traits",
]

[[package]]
name = "num-traits"
version = "0.2.15"
source = "registry+https://github.com/rust-lang/crates.io-index"
checksum = "578ede34cf02f8924ab9447f50c28075b4d3e5b269972345e7e0372b38c6cdcd"
dependencies = [
 "autocfg",
]

[[package]]
name = "typenum"
version = "1.16.0"
source = "registry+https://github.com/rust-lang/crates.io-index"
checksum = "497961ef93d974e23eb6f433eb5fe1b7930b659f06d12dec6fc44a8f554c0bba"

[[package]]
name = "wasm0x-zkwasmsdk"
version = "0.1.0"
dependencies = [
 "fixed",
 "fixed-bigint",
 "num-bigint",
]
